
Microsoft Visual Studio Solution File, Format Version 10.00
# Visual Studio 2008
Project("{FAE04EC0-301F-11D3-BF4B-00C04F79EFBC}") = "TK1", "..\Code\TK1\TK1.csproj", "{B1B8234D-8130-459A-8C16-91E6190E708D}"
EndProject
Project("{FAE04EC0-301F-11D3-BF4B-00C04F79EFBC}") = "TK1.Silverlight", "..\Code\TK1.Silverlight\TK1.Silverlight.csproj", "{C0BA77F6-6B1D-4A5D-9CE4-37252F77F383}"
EndProject
Global
	GlobalSection(SubversionScc) = preSolution
		Svn-Managed = True
		Manager = AnkhSVN - Subversion Support for Visual Studio
	EndGlobalSection
	GlobalSection(SolutionConfigurationPlatforms) = preSolution
		Debug|Any CPU = Debug|Any CPU
		Release|Any CPU = Release|Any CPU
	EndGlobalSection
	GlobalSection(ProjectConfigurationPlatforms) = postSolution
		{B1B8234D-8130-459A-8C16-91E6190E708D}.Debug|Any CPU.ActiveCfg = Debug|Any CPU
		{B1B8234D-8130-459A-8C16-91E6190E708D}.Debug|Any CPU.Build.0 = Debug|Any CPU
		{B1B8234D-8130-459A-8C16-91E6190E708D}.Release|Any CPU.ActiveCfg = Release|Any CPU
		{B1B8234D-8130-459A-8C16-91E6190E708D}.Release|Any CPU.Build.0 = Release|Any CPU
		{C0BA77F6-6B1D-4A5D-9CE4-37252F77F383}.Debug|Any CPU.ActiveCfg = Debug|Any CPU
		{C0BA77F6-6B1D-4A5D-9CE4-37252F77F383}.Debug|Any CPU.Build.0 = Debug|Any CPU
		{C0BA77F6-6B1D-4A5D-9CE4-37252F77F383}.Release|Any CPU.ActiveCfg = Release|Any CPU
		{C0BA77F6-6B1D-4A5D-9CE4-37252F77F383}.Release|Any CPU.Build.0 = Release|Any CPU
	EndGlobalSection
	GlobalSection(SolutionProperties) = preSolution
		HideSolutionNode = FALSE
	EndGlobalSection
EndGlobal
