
Microsoft Visual Studio Solution File, Format Version 11.00
# Visual Studio 2010
Project("{E24C65DC-7377-472B-9ABA-BC803B73C61A}") = "Web.Pieta", "..\Code\Web.Pieta", "{9557E413-0289-469F-80C6-4016AEA2F1FE}"
	ProjectSection(WebsiteProperties) = preProject
		TargetFrameworkMoniker = ".NETFramework,Version%3Dv3.5"
		ProjectReferences = "{3A912BDF-BFDE-4BB9-B182-6625FA40269A}|TK1.Bizz.Pieta.dll;{B1B8234D-8130-459A-8C16-91E6190E708D}|TK1.dll;"
		Debug.AspNetCompiler.VirtualPath = "/Web.Pieta"
		Debug.AspNetCompiler.PhysicalPath = "..\Code\Web.Pieta\"
		Debug.AspNetCompiler.TargetPath = "PrecompiledWeb\Web.Pieta\"
		Debug.AspNetCompiler.Updateable = "true"
		Debug.AspNetCompiler.ForceOverwrite = "true"
		Debug.AspNetCompiler.FixedNames = "false"
		Debug.AspNetCompiler.Debug = "True"
		Release.AspNetCompiler.VirtualPath = "/Web.Pieta"
		Release.AspNetCompiler.PhysicalPath = "..\Code\Web.Pieta\"
		Release.AspNetCompiler.TargetPath = "PrecompiledWeb\Web.Pieta\"
		Release.AspNetCompiler.Updateable = "true"
		Release.AspNetCompiler.ForceOverwrite = "true"
		Release.AspNetCompiler.FixedNames = "false"
		Release.AspNetCompiler.Debug = "False"
		VWDPort = "62127"
		DefaultWebSiteLanguage = "Visual C#"
	EndProjectSection
EndProject
Project("{FAE04EC0-301F-11D3-BF4B-00C04F79EFBC}") = "TK1.Bizz.Pieta", "..\Code\TK1.Bizz.Pieta\TK1.Bizz.Pieta.csproj", "{3A912BDF-BFDE-4BB9-B182-6625FA40269A}"
EndProject
Project("{FAE04EC0-301F-11D3-BF4B-00C04F79EFBC}") = "TK1", "..\Code\TK1\TK1.csproj", "{B1B8234D-8130-459A-8C16-91E6190E708D}"
EndProject
Global
	GlobalSection(SolutionConfigurationPlatforms) = preSolution
		Debug|Any CPU = Debug|Any CPU
		Release|Any CPU = Release|Any CPU
	EndGlobalSection
	GlobalSection(ProjectConfigurationPlatforms) = postSolution
		{9557E413-0289-469F-80C6-4016AEA2F1FE}.Debug|Any CPU.ActiveCfg = Debug|Any CPU
		{9557E413-0289-469F-80C6-4016AEA2F1FE}.Debug|Any CPU.Build.0 = Debug|Any CPU
		{9557E413-0289-469F-80C6-4016AEA2F1FE}.Release|Any CPU.ActiveCfg = Debug|Any CPU
		{9557E413-0289-469F-80C6-4016AEA2F1FE}.Release|Any CPU.Build.0 = Debug|Any CPU
		{3A912BDF-BFDE-4BB9-B182-6625FA40269A}.Debug|Any CPU.ActiveCfg = Debug|Any CPU
		{3A912BDF-BFDE-4BB9-B182-6625FA40269A}.Debug|Any CPU.Build.0 = Debug|Any CPU
		{3A912BDF-BFDE-4BB9-B182-6625FA40269A}.Release|Any CPU.ActiveCfg = Release|Any CPU
		{3A912BDF-BFDE-4BB9-B182-6625FA40269A}.Release|Any CPU.Build.0 = Release|Any CPU
		{B1B8234D-8130-459A-8C16-91E6190E708D}.Debug|Any CPU.ActiveCfg = Debug|Any CPU
		{B1B8234D-8130-459A-8C16-91E6190E708D}.Debug|Any CPU.Build.0 = Debug|Any CPU
		{B1B8234D-8130-459A-8C16-91E6190E708D}.Release|Any CPU.ActiveCfg = Release|Any CPU
		{B1B8234D-8130-459A-8C16-91E6190E708D}.Release|Any CPU.Build.0 = Release|Any CPU
	EndGlobalSection
	GlobalSection(SolutionProperties) = preSolution
		HideSolutionNode = FALSE
	EndGlobalSection
EndGlobal
