
Microsoft Visual Studio Solution File, Format Version 11.00
# Visual Studio 2010
Project("{FAE04EC0-301F-11D3-BF4B-00C04F79EFBC}") = "App.PicDeveloper", "..\Code\App.PicDeveloper\App.PicDeveloper.csproj", "{CECA59A5-87A4-4683-8413-B416A7ADFF5A}"
EndProject
Project("{FAE04EC0-301F-11D3-BF4B-00C04F79EFBC}") = "TK1", "..\Code\TK1\TK1.csproj", "{B1B8234D-8130-459A-8C16-91E6190E708D}"
EndProject
Project("{FAE04EC0-301F-11D3-BF4B-00C04F79EFBC}") = "TK1.Data", "..\Code\TK1.Data\TK1.Data.csproj", "{2484CD63-A0B0-46AE-A423-B32E6A6AD279}"
EndProject
Project("{FAE04EC0-301F-11D3-BF4B-00C04F79EFBC}") = "TK1.Data.Model", "..\Code\TK1.Data.Model\TK1.Data.Model.csproj", "{DA6BC8EB-34AE-403C-B125-131620EDD3BF}"
EndProject
Project("{FAE04EC0-301F-11D3-BF4B-00C04F79EFBC}") = "TK1.Data.Model.Presentation", "..\Code\TK1.Data.Model.Presentation\TK1.Data.Model.Presentation.csproj", "{5A742711-0956-4D06-8544-56286E383BB8}"
EndProject
Project("{FAE04EC0-301F-11D3-BF4B-00C04F79EFBC}") = "TK1.Basics", "..\Code\TK1.Basics\TK1.Basics.csproj", "{FE2EC233-7BB8-4625-BFB6-25A8CA9DEE9B}"
EndProject
Project("{FAE04EC0-301F-11D3-BF4B-00C04F79EFBC}") = "TK1.Basics.Controls", "..\Code\TK1.Basics.Controls\TK1.Basics.Controls.csproj", "{B681C774-1337-4713-B04A-E839B1E4E31E}"
EndProject
Project("{FAE04EC0-301F-11D3-BF4B-00C04F79EFBC}") = "TK1.Media", "..\Code\TK1.Media\TK1.Media.csproj", "{2B1DC70C-89E1-46F4-96C7-03BD38D80330}"
EndProject
Project("{FAE04EC0-301F-11D3-BF4B-00C04F79EFBC}") = "TK1.Controls", "..\Code\TK1.Controls\TK1.Controls.csproj", "{B92BEEE2-B92C-4AB1-81E0-74D29815D202}"
EndProject
Project("{54435603-DBB4-11D2-8724-00A0C9A8B90C}") = "Setup.PicDeveloper", "..\Code\Setup.PicDeveloper\Setup.PicDeveloper.vdproj", "{691E6B29-668A-4B3B-A9D4-41E986FF13B2}"
EndProject
Global
	GlobalSection(SolutionConfigurationPlatforms) = preSolution
		Debug|Any CPU = Debug|Any CPU
		Release|Any CPU = Release|Any CPU
	EndGlobalSection
	GlobalSection(ProjectConfigurationPlatforms) = postSolution
		{CECA59A5-87A4-4683-8413-B416A7ADFF5A}.Debug|Any CPU.ActiveCfg = Debug|Any CPU
		{CECA59A5-87A4-4683-8413-B416A7ADFF5A}.Debug|Any CPU.Build.0 = Debug|Any CPU
		{CECA59A5-87A4-4683-8413-B416A7ADFF5A}.Release|Any CPU.ActiveCfg = Release|Any CPU
		{CECA59A5-87A4-4683-8413-B416A7ADFF5A}.Release|Any CPU.Build.0 = Release|Any CPU
		{B1B8234D-8130-459A-8C16-91E6190E708D}.Debug|Any CPU.ActiveCfg = Debug|Any CPU
		{B1B8234D-8130-459A-8C16-91E6190E708D}.Debug|Any CPU.Build.0 = Debug|Any CPU
		{B1B8234D-8130-459A-8C16-91E6190E708D}.Release|Any CPU.ActiveCfg = Release|Any CPU
		{B1B8234D-8130-459A-8C16-91E6190E708D}.Release|Any CPU.Build.0 = Release|Any CPU
		{2484CD63-A0B0-46AE-A423-B32E6A6AD279}.Debug|Any CPU.ActiveCfg = Debug|Any CPU
		{2484CD63-A0B0-46AE-A423-B32E6A6AD279}.Debug|Any CPU.Build.0 = Debug|Any CPU
		{2484CD63-A0B0-46AE-A423-B32E6A6AD279}.Release|Any CPU.ActiveCfg = Release|Any CPU
		{2484CD63-A0B0-46AE-A423-B32E6A6AD279}.Release|Any CPU.Build.0 = Release|Any CPU
		{DA6BC8EB-34AE-403C-B125-131620EDD3BF}.Debug|Any CPU.ActiveCfg = Debug|Any CPU
		{DA6BC8EB-34AE-403C-B125-131620EDD3BF}.Debug|Any CPU.Build.0 = Debug|Any CPU
		{DA6BC8EB-34AE-403C-B125-131620EDD3BF}.Release|Any CPU.ActiveCfg = Release|Any CPU
		{DA6BC8EB-34AE-403C-B125-131620EDD3BF}.Release|Any CPU.Build.0 = Release|Any CPU
		{5A742711-0956-4D06-8544-56286E383BB8}.Debug|Any CPU.ActiveCfg = Debug|Any CPU
		{5A742711-0956-4D06-8544-56286E383BB8}.Debug|Any CPU.Build.0 = Debug|Any CPU
		{5A742711-0956-4D06-8544-56286E383BB8}.Release|Any CPU.ActiveCfg = Release|Any CPU
		{5A742711-0956-4D06-8544-56286E383BB8}.Release|Any CPU.Build.0 = Release|Any CPU
		{FE2EC233-7BB8-4625-BFB6-25A8CA9DEE9B}.Debug|Any CPU.ActiveCfg = Debug|Any CPU
		{FE2EC233-7BB8-4625-BFB6-25A8CA9DEE9B}.Debug|Any CPU.Build.0 = Debug|Any CPU
		{FE2EC233-7BB8-4625-BFB6-25A8CA9DEE9B}.Release|Any CPU.ActiveCfg = Release|Any CPU
		{FE2EC233-7BB8-4625-BFB6-25A8CA9DEE9B}.Release|Any CPU.Build.0 = Release|Any CPU
		{B681C774-1337-4713-B04A-E839B1E4E31E}.Debug|Any CPU.ActiveCfg = Debug|Any CPU
		{B681C774-1337-4713-B04A-E839B1E4E31E}.Debug|Any CPU.Build.0 = Debug|Any CPU
		{B681C774-1337-4713-B04A-E839B1E4E31E}.Release|Any CPU.ActiveCfg = Release|Any CPU
		{B681C774-1337-4713-B04A-E839B1E4E31E}.Release|Any CPU.Build.0 = Release|Any CPU
		{2B1DC70C-89E1-46F4-96C7-03BD38D80330}.Debug|Any CPU.ActiveCfg = Debug|Any CPU
		{2B1DC70C-89E1-46F4-96C7-03BD38D80330}.Debug|Any CPU.Build.0 = Debug|Any CPU
		{2B1DC70C-89E1-46F4-96C7-03BD38D80330}.Release|Any CPU.ActiveCfg = Release|Any CPU
		{2B1DC70C-89E1-46F4-96C7-03BD38D80330}.Release|Any CPU.Build.0 = Release|Any CPU
		{B92BEEE2-B92C-4AB1-81E0-74D29815D202}.Debug|Any CPU.ActiveCfg = Debug|Any CPU
		{B92BEEE2-B92C-4AB1-81E0-74D29815D202}.Debug|Any CPU.Build.0 = Debug|Any CPU
		{B92BEEE2-B92C-4AB1-81E0-74D29815D202}.Release|Any CPU.ActiveCfg = Release|Any CPU
		{B92BEEE2-B92C-4AB1-81E0-74D29815D202}.Release|Any CPU.Build.0 = Release|Any CPU
		{691E6B29-668A-4B3B-A9D4-41E986FF13B2}.Debug|Any CPU.ActiveCfg = Debug
		{691E6B29-668A-4B3B-A9D4-41E986FF13B2}.Release|Any CPU.ActiveCfg = Release
	EndGlobalSection
	GlobalSection(SolutionProperties) = preSolution
		HideSolutionNode = FALSE
	EndGlobalSection
	GlobalSection(SubversionScc) = preSolution
		Svn-Managed = True
		Manager = AnkhSVN - Subversion Support for Visual Studio
	EndGlobalSection
EndGlobal
