
Microsoft Visual Studio Solution File, Format Version 12.00
# Visual Studio 2012
Project("{FAE04EC0-301F-11D3-BF4B-00C04F79EFBC}") = "TK1", "..\Code\TK1\TK1.csproj", "{B1B8234D-8130-459A-8C16-91E6190E708D}"
EndProject
Project("{FAE04EC0-301F-11D3-BF4B-00C04F79EFBC}") = "TK1.Data", "..\Code\TK1.Data\TK1.Data.csproj", "{2484CD63-A0B0-46AE-A423-B32E6A6AD279}"
EndProject
Project("{FAE04EC0-301F-11D3-BF4B-00C04F79EFBC}") = "TK1.Basics", "..\Code\TK1.Basics\TK1.Basics.csproj", "{FE2EC233-7BB8-4625-BFB6-25A8CA9DEE9B}"
EndProject
Project("{FAE04EC0-301F-11D3-BF4B-00C04F79EFBC}") = "TK1.Basics.Controls", "..\Code\TK1.Basics.Controls\TK1.Basics.Controls.csproj", "{B681C774-1337-4713-B04A-E839B1E4E31E}"
EndProject
Project("{FAE04EC0-301F-11D3-BF4B-00C04F79EFBC}") = "App.Dev", "..\Code\App.Dev\App.Dev.csproj", "{7DA409CD-E8A8-4902-8D23-A412F7F488A4}"
EndProject
Project("{FAE04EC0-301F-11D3-BF4B-00C04F79EFBC}") = "TK1.Media", "..\Code\TK1.Media\TK1.Media.csproj", "{2B1DC70C-89E1-46F4-96C7-03BD38D80330}"
EndProject
Project("{FAE04EC0-301F-11D3-BF4B-00C04F79EFBC}") = "TK1.Bizz.Pieta", "..\Code\TK1.Bizz.Pieta\TK1.Bizz.Pieta.csproj", "{3A912BDF-BFDE-4BB9-B182-6625FA40269A}"
EndProject
Project("{FAE04EC0-301F-11D3-BF4B-00C04F79EFBC}") = "TK1.Bizz.Mdo", "..\Code\TK1.Bizz.Mdo\TK1.Bizz.Mdo.csproj", "{07143283-7469-446F-A469-86F64C5CB61F}"
EndProject
Project("{FAE04EC0-301F-11D3-BF4B-00C04F79EFBC}") = "TK1.Bizz", "..\Code\TK1.Bizz\TK1.Bizz.csproj", "{AB2EC906-93AE-4F64-B71D-E04C88036D7D}"
EndProject
Project("{FAE04EC0-301F-11D3-BF4B-00C04F79EFBC}") = "TK1.Bizz.Inetsoft", "..\Code\TK1.Bizz.Inetsoft\TK1.Bizz.Inetsoft.csproj", "{CF258131-13C0-4F5D-8657-891E00E66815}"
EndProject
Project("{FAE04EC0-301F-11D3-BF4B-00C04F79EFBC}") = "TK1.Bizz.Sync", "..\Code\TK1.Bizz.Sync\TK1.Bizz.Sync.csproj", "{B450CBE2-2081-4CD2-850D-876D4E949DC4}"
EndProject
Project("{FAE04EC0-301F-11D3-BF4B-00C04F79EFBC}") = "TK1.Data.Bizz", "..\Code\TK1.Data.Bizz\TK1.Data.Bizz.csproj", "{16607470-70ED-465C-80E5-E80753DCBCA3}"
EndProject
Project("{FAE04EC0-301F-11D3-BF4B-00C04F79EFBC}") = "TK1.Data.Bizz.Client", "..\Code\TK1.Data.Bizz.Client\TK1.Data.Bizz.Client.csproj", "{E569E820-AE28-4280-80DE-F3F29D14B3B2}"
EndProject
Global
	GlobalSection(SolutionConfigurationPlatforms) = preSolution
		Debug|Any CPU = Debug|Any CPU
		Release|Any CPU = Release|Any CPU
	EndGlobalSection
	GlobalSection(ProjectConfigurationPlatforms) = postSolution
		{B1B8234D-8130-459A-8C16-91E6190E708D}.Debug|Any CPU.ActiveCfg = Debug|Any CPU
		{B1B8234D-8130-459A-8C16-91E6190E708D}.Debug|Any CPU.Build.0 = Debug|Any CPU
		{B1B8234D-8130-459A-8C16-91E6190E708D}.Release|Any CPU.ActiveCfg = Release|Any CPU
		{B1B8234D-8130-459A-8C16-91E6190E708D}.Release|Any CPU.Build.0 = Release|Any CPU
		{2484CD63-A0B0-46AE-A423-B32E6A6AD279}.Debug|Any CPU.ActiveCfg = Debug|Any CPU
		{2484CD63-A0B0-46AE-A423-B32E6A6AD279}.Debug|Any CPU.Build.0 = Debug|Any CPU
		{2484CD63-A0B0-46AE-A423-B32E6A6AD279}.Release|Any CPU.ActiveCfg = Release|Any CPU
		{2484CD63-A0B0-46AE-A423-B32E6A6AD279}.Release|Any CPU.Build.0 = Release|Any CPU
		{FE2EC233-7BB8-4625-BFB6-25A8CA9DEE9B}.Debug|Any CPU.ActiveCfg = Debug|Any CPU
		{FE2EC233-7BB8-4625-BFB6-25A8CA9DEE9B}.Debug|Any CPU.Build.0 = Debug|Any CPU
		{FE2EC233-7BB8-4625-BFB6-25A8CA9DEE9B}.Release|Any CPU.ActiveCfg = Release|Any CPU
		{FE2EC233-7BB8-4625-BFB6-25A8CA9DEE9B}.Release|Any CPU.Build.0 = Release|Any CPU
		{B681C774-1337-4713-B04A-E839B1E4E31E}.Debug|Any CPU.ActiveCfg = Debug|Any CPU
		{B681C774-1337-4713-B04A-E839B1E4E31E}.Debug|Any CPU.Build.0 = Debug|Any CPU
		{B681C774-1337-4713-B04A-E839B1E4E31E}.Release|Any CPU.ActiveCfg = Release|Any CPU
		{B681C774-1337-4713-B04A-E839B1E4E31E}.Release|Any CPU.Build.0 = Release|Any CPU
		{7DA409CD-E8A8-4902-8D23-A412F7F488A4}.Debug|Any CPU.ActiveCfg = Debug|Any CPU
		{7DA409CD-E8A8-4902-8D23-A412F7F488A4}.Debug|Any CPU.Build.0 = Debug|Any CPU
		{7DA409CD-E8A8-4902-8D23-A412F7F488A4}.Release|Any CPU.ActiveCfg = Release|Any CPU
		{7DA409CD-E8A8-4902-8D23-A412F7F488A4}.Release|Any CPU.Build.0 = Release|Any CPU
		{2B1DC70C-89E1-46F4-96C7-03BD38D80330}.Debug|Any CPU.ActiveCfg = Debug|Any CPU
		{2B1DC70C-89E1-46F4-96C7-03BD38D80330}.Debug|Any CPU.Build.0 = Debug|Any CPU
		{2B1DC70C-89E1-46F4-96C7-03BD38D80330}.Release|Any CPU.ActiveCfg = Release|Any CPU
		{2B1DC70C-89E1-46F4-96C7-03BD38D80330}.Release|Any CPU.Build.0 = Release|Any CPU
		{3A912BDF-BFDE-4BB9-B182-6625FA40269A}.Debug|Any CPU.ActiveCfg = Debug|Any CPU
		{3A912BDF-BFDE-4BB9-B182-6625FA40269A}.Debug|Any CPU.Build.0 = Debug|Any CPU
		{3A912BDF-BFDE-4BB9-B182-6625FA40269A}.Release|Any CPU.ActiveCfg = Release|Any CPU
		{3A912BDF-BFDE-4BB9-B182-6625FA40269A}.Release|Any CPU.Build.0 = Release|Any CPU
		{07143283-7469-446F-A469-86F64C5CB61F}.Debug|Any CPU.ActiveCfg = Debug|Any CPU
		{07143283-7469-446F-A469-86F64C5CB61F}.Debug|Any CPU.Build.0 = Debug|Any CPU
		{07143283-7469-446F-A469-86F64C5CB61F}.Release|Any CPU.ActiveCfg = Release|Any CPU
		{07143283-7469-446F-A469-86F64C5CB61F}.Release|Any CPU.Build.0 = Release|Any CPU
		{AB2EC906-93AE-4F64-B71D-E04C88036D7D}.Debug|Any CPU.ActiveCfg = Debug|Any CPU
		{AB2EC906-93AE-4F64-B71D-E04C88036D7D}.Debug|Any CPU.Build.0 = Debug|Any CPU
		{AB2EC906-93AE-4F64-B71D-E04C88036D7D}.Release|Any CPU.ActiveCfg = Release|Any CPU
		{AB2EC906-93AE-4F64-B71D-E04C88036D7D}.Release|Any CPU.Build.0 = Release|Any CPU
		{CF258131-13C0-4F5D-8657-891E00E66815}.Debug|Any CPU.ActiveCfg = Debug|Any CPU
		{CF258131-13C0-4F5D-8657-891E00E66815}.Debug|Any CPU.Build.0 = Debug|Any CPU
		{CF258131-13C0-4F5D-8657-891E00E66815}.Release|Any CPU.ActiveCfg = Release|Any CPU
		{CF258131-13C0-4F5D-8657-891E00E66815}.Release|Any CPU.Build.0 = Release|Any CPU
		{B450CBE2-2081-4CD2-850D-876D4E949DC4}.Debug|Any CPU.ActiveCfg = Debug|Any CPU
		{B450CBE2-2081-4CD2-850D-876D4E949DC4}.Debug|Any CPU.Build.0 = Debug|Any CPU
		{B450CBE2-2081-4CD2-850D-876D4E949DC4}.Release|Any CPU.ActiveCfg = Release|Any CPU
		{B450CBE2-2081-4CD2-850D-876D4E949DC4}.Release|Any CPU.Build.0 = Release|Any CPU
		{16607470-70ED-465C-80E5-E80753DCBCA3}.Debug|Any CPU.ActiveCfg = Debug|Any CPU
		{16607470-70ED-465C-80E5-E80753DCBCA3}.Debug|Any CPU.Build.0 = Debug|Any CPU
		{16607470-70ED-465C-80E5-E80753DCBCA3}.Release|Any CPU.ActiveCfg = Release|Any CPU
		{16607470-70ED-465C-80E5-E80753DCBCA3}.Release|Any CPU.Build.0 = Release|Any CPU
		{E569E820-AE28-4280-80DE-F3F29D14B3B2}.Debug|Any CPU.ActiveCfg = Debug|Any CPU
		{E569E820-AE28-4280-80DE-F3F29D14B3B2}.Debug|Any CPU.Build.0 = Debug|Any CPU
		{E569E820-AE28-4280-80DE-F3F29D14B3B2}.Release|Any CPU.ActiveCfg = Release|Any CPU
		{E569E820-AE28-4280-80DE-F3F29D14B3B2}.Release|Any CPU.Build.0 = Release|Any CPU
	EndGlobalSection
	GlobalSection(SolutionProperties) = preSolution
		HideSolutionNode = FALSE
	EndGlobalSection
	GlobalSection(SubversionScc) = preSolution
		Svn-Managed = True
		Manager = AnkhSVN - Subversion Support for Visual Studio
	EndGlobalSection
EndGlobal
